
Microsoft Visual Studio Solution File, Format Version 12.00
# Visual Studio 15
VisualStudioVersion = 15.0.28010.0
MinimumVisualStudioVersion = 10.0.40219.1
Project("{8BC9CEB8-8B4A-11D0-8D11-00A0C91BC942}") = "CSC-134-Final-JRBurgess", "CSC-134-Final-JRBurgess\CSC-134-Final-JRBurgess.vcxproj", "{7007758A-10CC-444A-B46A-53109F8F03E9}"
EndProject
Global
	GlobalSection(SolutionConfigurationPlatforms) = preSolution
		Debug|x64 = Debug|x64
		Debug|x86 = Debug|x86
		Release|x64 = Release|x64
		Release|x86 = Release|x86
	EndGlobalSection
	GlobalSection(ProjectConfigurationPlatforms) = postSolution
		{7007758A-10CC-444A-B46A-53109F8F03E9}.Debug|x64.ActiveCfg = Debug|x64
		{7007758A-10CC-444A-B46A-53109F8F03E9}.Debug|x64.Build.0 = Debug|x64
		{7007758A-10CC-444A-B46A-53109F8F03E9}.Debug|x86.ActiveCfg = Debug|Win32
		{7007758A-10CC-444A-B46A-53109F8F03E9}.Debug|x86.Build.0 = Debug|Win32
		{7007758A-10CC-444A-B46A-53109F8F03E9}.Release|x64.ActiveCfg = Release|x64
		{7007758A-10CC-444A-B46A-53109F8F03E9}.Release|x64.Build.0 = Release|x64
		{7007758A-10CC-444A-B46A-53109F8F03E9}.Release|x86.ActiveCfg = Release|Win32
		{7007758A-10CC-444A-B46A-53109F8F03E9}.Release|x86.Build.0 = Release|Win32
	EndGlobalSection
	GlobalSection(SolutionProperties) = preSolution
		HideSolutionNode = FALSE
	EndGlobalSection
	GlobalSection(ExtensibilityGlobals) = postSolution
		SolutionGuid = {30C89255-5C96-41D2-B1B3-78DE2D18CAC6}
	EndGlobalSection
EndGlobal
